
Microsoft Visual Studio Solution File, Format Version 12.00
# Visual Studio 2013
VisualStudioVersion = 12.0.31101.0
MinimumVisualStudioVersion = 10.0.40219.1
Project("{8BC9CEB8-8B4A-11D0-8D11-00A0C91BC942}") = "ImageLabel", "ImageLabel\ImageLabel.vcxproj", "{C0FF0F5B-B2C2-4885-8902-280D680A4073}"
EndProject
Project("{8BC9CEB8-8B4A-11D0-8D11-00A0C91BC942}") = "VideoAutoCut", "..\..\C++工程\MyTools\VideoAutoCut\VideoAutoCut.vcxproj", "{E09E66C8-6F2A-408B-9899-581B8DEF02C3}"
EndProject
Global
	GlobalSection(SolutionConfigurationPlatforms) = preSolution
		Debug|Win32 = Debug|Win32
		Release|Win32 = Release|Win32
	EndGlobalSection
	GlobalSection(ProjectConfigurationPlatforms) = postSolution
		{C0FF0F5B-B2C2-4885-8902-280D680A4073}.Debug|Win32.ActiveCfg = Debug|Win32
		{C0FF0F5B-B2C2-4885-8902-280D680A4073}.Debug|Win32.Build.0 = Debug|Win32
		{C0FF0F5B-B2C2-4885-8902-280D680A4073}.Release|Win32.ActiveCfg = Release|Win32
		{C0FF0F5B-B2C2-4885-8902-280D680A4073}.Release|Win32.Build.0 = Release|Win32
		{E09E66C8-6F2A-408B-9899-581B8DEF02C3}.Debug|Win32.ActiveCfg = Debug|Win32
		{E09E66C8-6F2A-408B-9899-581B8DEF02C3}.Debug|Win32.Build.0 = Debug|Win32
		{E09E66C8-6F2A-408B-9899-581B8DEF02C3}.Release|Win32.ActiveCfg = Release|Win32
		{E09E66C8-6F2A-408B-9899-581B8DEF02C3}.Release|Win32.Build.0 = Release|Win32
	EndGlobalSection
	GlobalSection(SolutionProperties) = preSolution
		HideSolutionNode = FALSE
	EndGlobalSection
EndGlobal
